
Microsoft Visual Studio Solution File, Format Version 12.00
# Visual Studio Version 17
VisualStudioVersion = 17.8.34330.188
MinimumVisualStudioVersion = 10.0.40219.1
Project("{FAE04EC0-301F-11D3-BF4B-00C04F79EFBC}") = "SchoolManager.Server", "SchoolManager.Server\SchoolManager.Server.csproj", "{83D815AD-B294-4833-A48E-A02F31D344DC}"
EndProject
Project("{54A90642-561A-4BB1-A94E-469ADEE60C69}") = "schoolmanager.client", "schoolmanager.client\schoolmanager.client.esproj", "{BD039E42-2E56-49D5-A58B-B2CDA2DEAB75}"
EndProject
Global
	GlobalSection(SolutionConfigurationPlatforms) = preSolution
		Debug|Any CPU = Debug|Any CPU
		Release|Any CPU = Release|Any CPU
	EndGlobalSection
	GlobalSection(ProjectConfigurationPlatforms) = postSolution
		{83D815AD-B294-4833-A48E-A02F31D344DC}.Debug|Any CPU.ActiveCfg = Debug|Any CPU
		{83D815AD-B294-4833-A48E-A02F31D344DC}.Debug|Any CPU.Build.0 = Debug|Any CPU
		{83D815AD-B294-4833-A48E-A02F31D344DC}.Release|Any CPU.ActiveCfg = Release|Any CPU
		{83D815AD-B294-4833-A48E-A02F31D344DC}.Release|Any CPU.Build.0 = Release|Any CPU
		{BD039E42-2E56-49D5-A58B-B2CDA2DEAB75}.Debug|Any CPU.ActiveCfg = Debug|Any CPU
		{BD039E42-2E56-49D5-A58B-B2CDA2DEAB75}.Debug|Any CPU.Build.0 = Debug|Any CPU
		{BD039E42-2E56-49D5-A58B-B2CDA2DEAB75}.Debug|Any CPU.Deploy.0 = Debug|Any CPU
		{BD039E42-2E56-49D5-A58B-B2CDA2DEAB75}.Release|Any CPU.ActiveCfg = Release|Any CPU
		{BD039E42-2E56-49D5-A58B-B2CDA2DEAB75}.Release|Any CPU.Build.0 = Release|Any CPU
		{BD039E42-2E56-49D5-A58B-B2CDA2DEAB75}.Release|Any CPU.Deploy.0 = Release|Any CPU
	EndGlobalSection
	GlobalSection(SolutionProperties) = preSolution
		HideSolutionNode = FALSE
	EndGlobalSection
	GlobalSection(ExtensibilityGlobals) = postSolution
		SolutionGuid = {8BCD02DB-5FF3-4BA9-8A24-1C47A077EE5C}
	EndGlobalSection
EndGlobal
